// !$*UTF8*$!
{
	archiveVersion = 1;
	classes = {
	};
	objectVersion = 55;
	objects = {

/* Begin PBXBuildFile section */
		84253ED428716C2C0098F276 /* AccessibilityHandler.swift in Sources */ = {isa = PBXBuildFile; fileRef = 84253ED328716C2C0098F276 /* AccessibilityHandler.swift */; };
		84258B2628705AC100F96181 /* Localizable.strings in Resources */ = {isa = PBXBuildFile; fileRef = 84258B2828705AC100F96181 /* Localizable.strings */; };
		84355911286D8E89002EE914 /* StatusBarHandler.swift in Sources */ = {isa = PBXBuildFile; fileRef = 84355910286D8E89002EE914 /* StatusBarHandler.swift */; };
		84355914286D9BA8002EE914 /* MouseClickHandler.swift in Sources */ = {isa = PBXBuildFile; fileRef = 84355913286D9BA8002EE914 /* MouseClickHandler.swift */; };
		84355916286D9C6A002EE914 /* StatusHandler.swift in Sources */ = {isa = PBXBuildFile; fileRef = 84355915286D9C6A002EE914 /* StatusHandler.swift */; };
		846195FB2D465FAC0081EED1 /* ApplicationControl.swift in Sources */ = {isa = PBXBuildFile; fileRef = 846195FA2D465FAC0081EED1 /* ApplicationControl.swift */; };
		84BEB9C22857529600BFA8B0 /* AppDelegate.swift in Sources */ = {isa = PBXBuildFile; fileRef = 84BEB9C12857529600BFA8B0 /* AppDelegate.swift */; };
		84BEB9C42857529600BFA8B0 /* ViewController.swift in Sources */ = {isa = PBXBuildFile; fileRef = 84BEB9C32857529600BFA8B0 /* ViewController.swift */; };
		84BEB9C62857529800BFA8B0 /* Assets.xcassets in Resources */ = {isa = PBXBuildFile; fileRef = 84BEB9C52857529800BFA8B0 /* Assets.xcassets */; };
		84BEB9C92857529800BFA8B0 /* Main.storyboard in Resources */ = {isa = PBXBuildFile; fileRef = 84BEB9C72857529800BFA8B0 /* Main.storyboard */; };
		84BEB9D42857529800BFA8B0 /* KeyPressedTests.swift in Sources */ = {isa = PBXBuildFile; fileRef = 84BEB9D32857529800BFA8B0 /* KeyPressedTests.swift */; };
		84BEB9DE2857529800BFA8B0 /* KeyPressedUITests.swift in Sources */ = {isa = PBXBuildFile; fileRef = 84BEB9DD2857529800BFA8B0 /* KeyPressedUITests.swift */; };
		84BEB9E02857529800BFA8B0 /* KeyPressedUITestsLaunchTests.swift in Sources */ = {isa = PBXBuildFile; fileRef = 84BEB9DF2857529800BFA8B0 /* KeyPressedUITestsLaunchTests.swift */; };
		84BEBF99285DECD10047F310 /* WindowHandler.swift in Sources */ = {isa = PBXBuildFile; fileRef = 84BEBF98285DECD10047F310 /* WindowHandler.swift */; };
		84C751C3288172A500160C5E /* EventMonitor.swift in Sources */ = {isa = PBXBuildFile; fileRef = 84C751C2288172A500160C5E /* EventMonitor.swift */; };
		84C751C7288238F300160C5E /* ApplicationHandler.swift in Sources */ = {isa = PBXBuildFile; fileRef = 84C751C6288238F300160C5E /* ApplicationHandler.swift */; };
		84C751C9288242ED00160C5E /* SafariControl.swift in Sources */ = {isa = PBXBuildFile; fileRef = 84C751C8288242ED00160C5E /* SafariControl.swift */; };
		84C751CB2882AB4B00160C5E /* FinderControl.swift in Sources */ = {isa = PBXBuildFile; fileRef = 84C751CA2882AB4B00160C5E /* FinderControl.swift */; };
/* End PBXBuildFile section */

/* Begin PBXContainerItemProxy section */
		84BEB9D02857529800BFA8B0 /* PBXContainerItemProxy */ = {
			isa = PBXContainerItemProxy;
			containerPortal = 84BEB9B62857529600BFA8B0 /* Project object */;
			proxyType = 1;
			remoteGlobalIDString = 84BEB9BD2857529600BFA8B0;
			remoteInfo = KeyPressed;
		};
		84BEB9DA2857529800BFA8B0 /* PBXContainerItemProxy */ = {
			isa = PBXContainerItemProxy;
			containerPortal = 84BEB9B62857529600BFA8B0 /* Project object */;
			proxyType = 1;
			remoteGlobalIDString = 84BEB9BD2857529600BFA8B0;
			remoteInfo = KeyPressed;
		};
/* End PBXContainerItemProxy section */

/* Begin PBXFileReference section */
		84253ED328716C2C0098F276 /* AccessibilityHandler.swift */ = {isa = PBXFileReference; lastKnownFileType = sourcecode.swift; path = AccessibilityHandler.swift; sourceTree = "<group>"; };
		84258B2728705AC100F96181 /* en */ = {isa = PBXFileReference; lastKnownFileType = text.plist.strings; name = en; path = en.lproj/Localizable.strings; sourceTree = "<group>"; };
		84258B2928705ACF00F96181 /* de */ = {isa = PBXFileReference; lastKnownFileType = text.plist.strings; name = de; path = de.lproj/Main.strings; sourceTree = "<group>"; };
		84258B2C28705BBB00F96181 /* en */ = {isa = PBXFileReference; lastKnownFileType = text.plist.strings; name = en; path = en.lproj/Main.strings; sourceTree = "<group>"; };
		8435590F286D89FF002EE914 /* Info.plist */ = {isa = PBXFileReference; lastKnownFileType = text.plist; path = Info.plist; sourceTree = "<group>"; };
		84355910286D8E89002EE914 /* StatusBarHandler.swift */ = {isa = PBXFileReference; lastKnownFileType = sourcecode.swift; path = StatusBarHandler.swift; sourceTree = "<group>"; };
		84355913286D9BA8002EE914 /* MouseClickHandler.swift */ = {isa = PBXFileReference; lastKnownFileType = sourcecode.swift; path = MouseClickHandler.swift; sourceTree = "<group>"; };
		84355915286D9C6A002EE914 /* StatusHandler.swift */ = {isa = PBXFileReference; lastKnownFileType = sourcecode.swift; path = StatusHandler.swift; sourceTree = "<group>"; };
		846195FA2D465FAC0081EED1 /* ApplicationControl.swift */ = {isa = PBXFileReference; lastKnownFileType = sourcecode.swift; path = ApplicationControl.swift; sourceTree = "<group>"; };
		8469CAF12889620A0023EBDB /* es */ = {isa = PBXFileReference; lastKnownFileType = text.plist.strings; name = es; path = es.lproj/Main.strings; sourceTree = "<group>"; };
		8469CAF3288969930023EBDB /* de */ = {isa = PBXFileReference; lastKnownFileType = text.plist.strings; name = de; path = de.lproj/Localizable.strings; sourceTree = "<group>"; };
		8469CAF4288969940023EBDB /* es */ = {isa = PBXFileReference; lastKnownFileType = text.plist.strings; name = es; path = es.lproj/Localizable.strings; sourceTree = "<group>"; };
		84BEB9BE2857529600BFA8B0 /* Microsoft Mouse Handler.app */ = {isa = PBXFileReference; explicitFileType = wrapper.application; includeInIndex = 0; path = "Microsoft Mouse Handler.app"; sourceTree = BUILT_PRODUCTS_DIR; };
		84BEB9C12857529600BFA8B0 /* AppDelegate.swift */ = {isa = PBXFileReference; lastKnownFileType = sourcecode.swift; path = AppDelegate.swift; sourceTree = "<group>"; };
		84BEB9C32857529600BFA8B0 /* ViewController.swift */ = {isa = PBXFileReference; lastKnownFileType = sourcecode.swift; path = ViewController.swift; sourceTree = "<group>"; };
		84BEB9C52857529800BFA8B0 /* Assets.xcassets */ = {isa = PBXFileReference; lastKnownFileType = folder.assetcatalog; path = Assets.xcassets; sourceTree = "<group>"; };
		84BEB9C82857529800BFA8B0 /* Base */ = {isa = PBXFileReference; lastKnownFileType = file.storyboard; name = Base; path = Base.lproj/Main.storyboard; sourceTree = "<group>"; };
		84BEB9CA2857529800BFA8B0 /* KeyPressed.entitlements */ = {isa = PBXFileReference; lastKnownFileType = text.plist.entitlements; path = KeyPressed.entitlements; sourceTree = "<group>"; };
		84BEB9CF2857529800BFA8B0 /* Microsoft Mouse HandlerTests.xctest */ = {isa = PBXFileReference; explicitFileType = wrapper.cfbundle; includeInIndex = 0; path = "Microsoft Mouse HandlerTests.xctest"; sourceTree = BUILT_PRODUCTS_DIR; };
		84BEB9D32857529800BFA8B0 /* KeyPressedTests.swift */ = {isa = PBXFileReference; lastKnownFileType = sourcecode.swift; path = KeyPressedTests.swift; sourceTree = "<group>"; };
		84BEB9D92857529800BFA8B0 /* Microsoft Mouse HandlerUITests.xctest */ = {isa = PBXFileReference; explicitFileType = wrapper.cfbundle; includeInIndex = 0; path = "Microsoft Mouse HandlerUITests.xctest"; sourceTree = BUILT_PRODUCTS_DIR; };
		84BEB9DD2857529800BFA8B0 /* KeyPressedUITests.swift */ = {isa = PBXFileReference; lastKnownFileType = sourcecode.swift; path = KeyPressedUITests.swift; sourceTree = "<group>"; };
		84BEB9DF2857529800BFA8B0 /* KeyPressedUITestsLaunchTests.swift */ = {isa = PBXFileReference; lastKnownFileType = sourcecode.swift; path = KeyPressedUITestsLaunchTests.swift; sourceTree = "<group>"; };
		84BEBF98285DECD10047F310 /* WindowHandler.swift */ = {isa = PBXFileReference; lastKnownFileType = sourcecode.swift; path = WindowHandler.swift; sourceTree = "<group>"; };
		84C751C2288172A500160C5E /* EventMonitor.swift */ = {isa = PBXFileReference; lastKnownFileType = sourcecode.swift; path = EventMonitor.swift; sourceTree = "<group>"; };
		84C751C6288238F300160C5E /* ApplicationHandler.swift */ = {isa = PBXFileReference; lastKnownFileType = sourcecode.swift; path = ApplicationHandler.swift; sourceTree = "<group>"; };
		84C751C8288242ED00160C5E /* SafariControl.swift */ = {isa = PBXFileReference; lastKnownFileType = sourcecode.swift; path = SafariControl.swift; sourceTree = "<group>"; };
		84C751CA2882AB4B00160C5E /* FinderControl.swift */ = {isa = PBXFileReference; lastKnownFileType = sourcecode.swift; path = FinderControl.swift; sourceTree = "<group>"; };
/* End PBXFileReference section */

/* Begin PBXFrameworksBuildPhase section */
		84BEB9BB2857529600BFA8B0 /* Frameworks */ = {
			isa = PBXFrameworksBuildPhase;
			buildActionMask = 2147483647;
			files = (
			);
			runOnlyForDeploymentPostprocessing = 0;
		};
		84BEB9CC2857529800BFA8B0 /* Frameworks */ = {
			isa = PBXFrameworksBuildPhase;
			buildActionMask = 2147483647;
			files = (
			);
			runOnlyForDeploymentPostprocessing = 0;
		};
		84BEB9D62857529800BFA8B0 /* Frameworks */ = {
			isa = PBXFrameworksBuildPhase;
			buildActionMask = 2147483647;
			files = (
			);
			runOnlyForDeploymentPostprocessing = 0;
		};
/* End PBXFrameworksBuildPhase section */

/* Begin PBXGroup section */
		84355912286D928D002EE914 /* Classes */ = {
			isa = PBXGroup;
			children = (
				84BEBF98285DECD10047F310 /* WindowHandler.swift */,
				84355915286D9C6A002EE914 /* StatusHandler.swift */,
				84C751C2288172A500160C5E /* EventMonitor.swift */,
				84253ED328716C2C0098F276 /* AccessibilityHandler.swift */,
				84C751C6288238F300160C5E /* ApplicationHandler.swift */,
				84355913286D9BA8002EE914 /* MouseClickHandler.swift */,
			);
			path = Classes;
			sourceTree = "<group>";
		};
		84BEB9B52857529600BFA8B0 = {
			isa = PBXGroup;
			children = (
				84BEB9C02857529600BFA8B0 /* KeyPressed */,
				84BEB9D22857529800BFA8B0 /* KeyPressedTests */,
				84BEB9DC2857529800BFA8B0 /* KeyPressedUITests */,
				84BEB9BF2857529600BFA8B0 /* Products */,
			);
			sourceTree = "<group>";
		};
		84BEB9BF2857529600BFA8B0 /* Products */ = {
			isa = PBXGroup;
			children = (
				84BEB9BE2857529600BFA8B0 /* Microsoft Mouse Handler.app */,
				84BEB9CF2857529800BFA8B0 /* Microsoft Mouse HandlerTests.xctest */,
				84BEB9D92857529800BFA8B0 /* Microsoft Mouse HandlerUITests.xctest */,
			);
			name = Products;
			sourceTree = "<group>";
		};
		84BEB9C02857529600BFA8B0 /* KeyPressed */ = {
			isa = PBXGroup;
			children = (
				84355912286D928D002EE914 /* Classes */,
				84C751C4288235B800160C5E /* Action Control */,
				84258B2828705AC100F96181 /* Localizable.strings */,
				8435590F286D89FF002EE914 /* Info.plist */,
				84BEB9C12857529600BFA8B0 /* AppDelegate.swift */,
				84BEB9C32857529600BFA8B0 /* ViewController.swift */,
				84355910286D8E89002EE914 /* StatusBarHandler.swift */,
				84BEB9C52857529800BFA8B0 /* Assets.xcassets */,
				84BEB9C72857529800BFA8B0 /* Main.storyboard */,
				84BEB9CA2857529800BFA8B0 /* KeyPressed.entitlements */,
			);
			path = KeyPressed;
			sourceTree = "<group>";
		};
		84BEB9D22857529800BFA8B0 /* KeyPressedTests */ = {
			isa = PBXGroup;
			children = (
				84BEB9D32857529800BFA8B0 /* KeyPressedTests.swift */,
			);
			path = KeyPressedTests;
			sourceTree = "<group>";
		};
		84BEB9DC2857529800BFA8B0 /* KeyPressedUITests */ = {
			isa = PBXGroup;
			children = (
				84BEB9DD2857529800BFA8B0 /* KeyPressedUITests.swift */,
				84BEB9DF2857529800BFA8B0 /* KeyPressedUITestsLaunchTests.swift */,
			);
			path = KeyPressedUITests;
			sourceTree = "<group>";
		};
		84C751C4288235B800160C5E /* Action Control */ = {
			isa = PBXGroup;
			children = (
				84C751C8288242ED00160C5E /* SafariControl.swift */,
				84C751CA2882AB4B00160C5E /* FinderControl.swift */,
				846195FA2D465FAC0081EED1 /* ApplicationControl.swift */,
			);
			path = "Action Control";
			sourceTree = "<group>";
		};
/* End PBXGroup section */

/* Begin PBXNativeTarget section */
		84BEB9BD2857529600BFA8B0 /* Microsoft Mouse Handler */ = {
			isa = PBXNativeTarget;
			buildConfigurationList = 84BEB9E32857529800BFA8B0 /* Build configuration list for PBXNativeTarget "Microsoft Mouse Handler" */;
			buildPhases = (
				84BEB9BA2857529600BFA8B0 /* Sources */,
				84BEB9BB2857529600BFA8B0 /* Frameworks */,
				84BEB9BC2857529600BFA8B0 /* Resources */,
			);
			buildRules = (
			);
			dependencies = (
			);
			name = "Microsoft Mouse Handler";
			productName = KeyPressed;
			productReference = 84BEB9BE2857529600BFA8B0 /* Microsoft Mouse Handler.app */;
			productType = "com.apple.product-type.application";
		};
		84BEB9CE2857529800BFA8B0 /* Microsoft Mouse HandlerTests */ = {
			isa = PBXNativeTarget;
			buildConfigurationList = 84BEB9E62857529800BFA8B0 /* Build configuration list for PBXNativeTarget "Microsoft Mouse HandlerTests" */;
			buildPhases = (
				84BEB9CB2857529800BFA8B0 /* Sources */,
				84BEB9CC2857529800BFA8B0 /* Frameworks */,
				84BEB9CD2857529800BFA8B0 /* Resources */,
			);
			buildRules = (
			);
			dependencies = (
				84BEB9D12857529800BFA8B0 /* PBXTargetDependency */,
			);
			name = "Microsoft Mouse HandlerTests";
			productName = KeyPressedTests;
			productReference = 84BEB9CF2857529800BFA8B0 /* Microsoft Mouse HandlerTests.xctest */;
			productType = "com.apple.product-type.bundle.unit-test";
		};
		84BEB9D82857529800BFA8B0 /* Microsoft Mouse HandlerUITests */ = {
			isa = PBXNativeTarget;
			buildConfigurationList = 84BEB9E92857529800BFA8B0 /* Build configuration list for PBXNativeTarget "Microsoft Mouse HandlerUITests" */;
			buildPhases = (
				84BEB9D52857529800BFA8B0 /* Sources */,
				84BEB9D62857529800BFA8B0 /* Frameworks */,
				84BEB9D72857529800BFA8B0 /* Resources */,
			);
			buildRules = (
			);
			dependencies = (
				84BEB9DB2857529800BFA8B0 /* PBXTargetDependency */,
			);
			name = "Microsoft Mouse HandlerUITests";
			productName = KeyPressedUITests;
			productReference = 84BEB9D92857529800BFA8B0 /* Microsoft Mouse HandlerUITests.xctest */;
			productType = "com.apple.product-type.bundle.ui-testing";
		};
/* End PBXNativeTarget section */

/* Begin PBXProject section */
		84BEB9B62857529600BFA8B0 /* Project object */ = {
			isa = PBXProject;
			attributes = {
				BuildIndependentTargetsInParallel = 1;
				LastSwiftUpdateCheck = 1340;
				LastUpgradeCheck = 1340;
				TargetAttributes = {
					84BEB9BD2857529600BFA8B0 = {
						CreatedOnToolsVersion = 13.4.1;
					};
					84BEB9CE2857529800BFA8B0 = {
						CreatedOnToolsVersion = 13.4.1;
						TestTargetID = 84BEB9BD2857529600BFA8B0;
					};
					84BEB9D82857529800BFA8B0 = {
						CreatedOnToolsVersion = 13.4.1;
						TestTargetID = 84BEB9BD2857529600BFA8B0;
					};
				};
			};
			buildConfigurationList = 84BEB9B92857529600BFA8B0 /* Build configuration list for PBXProject "Microsoft Mouse Handler" */;
			compatibilityVersion = "Xcode 13.0";
			developmentRegion = en;
			hasScannedForEncodings = 0;
			knownRegions = (
				en,
				Base,
				de,
				es,
			);
			mainGroup = 84BEB9B52857529600BFA8B0;
			productRefGroup = 84BEB9BF2857529600BFA8B0 /* Products */;
			projectDirPath = "";
			projectRoot = "";
			targets = (
				84BEB9BD2857529600BFA8B0 /* Microsoft Mouse Handler */,
				84BEB9CE2857529800BFA8B0 /* Microsoft Mouse HandlerTests */,
				84BEB9D82857529800BFA8B0 /* Microsoft Mouse HandlerUITests */,
			);
		};
/* End PBXProject section */

/* Begin PBXResourcesBuildPhase section */
		84BEB9BC2857529600BFA8B0 /* Resources */ = {
			isa = PBXResourcesBuildPhase;
			buildActionMask = 2147483647;
			files = (
				84BEB9C62857529800BFA8B0 /* Assets.xcassets in Resources */,
				84258B2628705AC100F96181 /* Localizable.strings in Resources */,
				84BEB9C92857529800BFA8B0 /* Main.storyboard in Resources */,
			);
			runOnlyForDeploymentPostprocessing = 0;
		};
		84BEB9CD2857529800BFA8B0 /* Resources */ = {
			isa = PBXResourcesBuildPhase;
			buildActionMask = 2147483647;
			files = (
			);
			runOnlyForDeploymentPostprocessing = 0;
		};
		84BEB9D72857529800BFA8B0 /* Resources */ = {
			isa = PBXResourcesBuildPhase;
			buildActionMask = 2147483647;
			files = (
			);
			runOnlyForDeploymentPostprocessing = 0;
		};
/* End PBXResourcesBuildPhase section */

/* Begin PBXSourcesBuildPhase section */
		84BEB9BA2857529600BFA8B0 /* Sources */ = {
			isa = PBXSourcesBuildPhase;
			buildActionMask = 2147483647;
			files = (
				846195FB2D465FAC0081EED1 /* ApplicationControl.swift in Sources */,
				84C751CB2882AB4B00160C5E /* FinderControl.swift in Sources */,
				84355916286D9C6A002EE914 /* StatusHandler.swift in Sources */,
				84355914286D9BA8002EE914 /* MouseClickHandler.swift in Sources */,
				84253ED428716C2C0098F276 /* AccessibilityHandler.swift in Sources */,
				84355911286D8E89002EE914 /* StatusBarHandler.swift in Sources */,
				84BEB9C42857529600BFA8B0 /* ViewController.swift in Sources */,
				84C751C9288242ED00160C5E /* SafariControl.swift in Sources */,
				84BEBF99285DECD10047F310 /* WindowHandler.swift in Sources */,
				84C751C7288238F300160C5E /* ApplicationHandler.swift in Sources */,
				84BEB9C22857529600BFA8B0 /* AppDelegate.swift in Sources */,
				84C751C3288172A500160C5E /* EventMonitor.swift in Sources */,
			);
			runOnlyForDeploymentPostprocessing = 0;
		};
		84BEB9CB2857529800BFA8B0 /* Sources */ = {
			isa = PBXSourcesBuildPhase;
			buildActionMask = 2147483647;
			files = (
				84BEB9D42857529800BFA8B0 /* KeyPressedTests.swift in Sources */,
			);
			runOnlyForDeploymentPostprocessing = 0;
		};
		84BEB9D52857529800BFA8B0 /* Sources */ = {
			isa = PBXSourcesBuildPhase;
			buildActionMask = 2147483647;
			files = (
				84BEB9DE2857529800BFA8B0 /* KeyPressedUITests.swift in Sources */,
				84BEB9E02857529800BFA8B0 /* KeyPressedUITestsLaunchTests.swift in Sources */,
			);
			runOnlyForDeploymentPostprocessing = 0;
		};
/* End PBXSourcesBuildPhase section */

/* Begin PBXTargetDependency section */
		84BEB9D12857529800BFA8B0 /* PBXTargetDependency */ = {
			isa = PBXTargetDependency;
			target = 84BEB9BD2857529600BFA8B0 /* Microsoft Mouse Handler */;
			targetProxy = 84BEB9D02857529800BFA8B0 /* PBXContainerItemProxy */;
		};
		84BEB9DB2857529800BFA8B0 /* PBXTargetDependency */ = {
			isa = PBXTargetDependency;
			target = 84BEB9BD2857529600BFA8B0 /* Microsoft Mouse Handler */;
			targetProxy = 84BEB9DA2857529800BFA8B0 /* PBXContainerItemProxy */;
		};
/* End PBXTargetDependency section */

/* Begin PBXVariantGroup section */
		84258B2828705AC100F96181 /* Localizable.strings */ = {
			isa = PBXVariantGroup;
			children = (
				84258B2728705AC100F96181 /* en */,
				8469CAF3288969930023EBDB /* de */,
				8469CAF4288969940023EBDB /* es */,
			);
			name = Localizable.strings;
			sourceTree = "<group>";
		};
		84BEB9C72857529800BFA8B0 /* Main.storyboard */ = {
			isa = PBXVariantGroup;
			children = (
				84BEB9C82857529800BFA8B0 /* Base */,
				84258B2928705ACF00F96181 /* de */,
				84258B2C28705BBB00F96181 /* en */,
				8469CAF12889620A0023EBDB /* es */,
			);
			name = Main.storyboard;
			sourceTree = "<group>";
		};
/* End PBXVariantGroup section */

/* Begin XCBuildConfiguration section */
		84BEB9E12857529800BFA8B0 /* Debug */ = {
			isa = XCBuildConfiguration;
			buildSettings = {
				ALWAYS_SEARCH_USER_PATHS = NO;
				CLANG_ANALYZER_LOCALIZABILITY_NONLOCALIZED = YES;
				CLANG_ANALYZER_NONNULL = YES;
				CLANG_ANALYZER_NUMBER_OBJECT_CONVERSION = YES_AGGRESSIVE;
				CLANG_CXX_LANGUAGE_STANDARD = "gnu++17";
				CLANG_ENABLE_MODULES = YES;
				CLANG_ENABLE_OBJC_ARC = YES;
				CLANG_ENABLE_OBJC_WEAK = YES;
				CLANG_WARN_BLOCK_CAPTURE_AUTORELEASING = YES;
				CLANG_WARN_BOOL_CONVERSION = YES;
				CLANG_WARN_COMMA = YES;
				CLANG_WARN_CONSTANT_CONVERSION = YES;
				CLANG_WARN_DEPRECATED_OBJC_IMPLEMENTATIONS = YES;
				CLANG_WARN_DIRECT_OBJC_ISA_USAGE = YES_ERROR;
				CLANG_WARN_DOCUMENTATION_COMMENTS = YES;
				CLANG_WARN_EMPTY_BODY = YES;
				CLANG_WARN_ENUM_CONVERSION = YES;
				CLANG_WARN_INFINITE_RECURSION = YES;
				CLANG_WARN_INT_CONVERSION = YES;
				CLANG_WARN_NON_LITERAL_NULL_CONVERSION = YES;
				CLANG_WARN_OBJC_IMPLICIT_RETAIN_SELF = YES;
				CLANG_WARN_OBJC_LITERAL_CONVERSION = YES;
				CLANG_WARN_OBJC_ROOT_CLASS = YES_ERROR;
				CLANG_WARN_QUOTED_INCLUDE_IN_FRAMEWORK_HEADER = YES;
				CLANG_WARN_RANGE_LOOP_ANALYSIS = YES;
				CLANG_WARN_STRICT_PROTOTYPES = YES;
				CLANG_WARN_SUSPICIOUS_MOVE = YES;
				CLANG_WARN_UNGUARDED_AVAILABILITY = YES_AGGRESSIVE;
				CLANG_WARN_UNREACHABLE_CODE = YES;
				CLANG_WARN__DUPLICATE_METHOD_MATCH = YES;
				COPY_PHASE_STRIP = NO;
				DEBUG_INFORMATION_FORMAT = dwarf;
				ENABLE_STRICT_OBJC_MSGSEND = YES;
				ENABLE_TESTABILITY = YES;
				GCC_C_LANGUAGE_STANDARD = gnu11;
				GCC_DYNAMIC_NO_PIC = NO;
				GCC_NO_COMMON_BLOCKS = YES;
				GCC_OPTIMIZATION_LEVEL = 0;
				GCC_PREPROCESSOR_DEFINITIONS = (
					"DEBUG=1",
					"$(inherited)",
				);
				GCC_WARN_64_TO_32_BIT_CONVERSION = YES;
				GCC_WARN_ABOUT_RETURN_TYPE = YES_ERROR;
				GCC_WARN_UNDECLARED_SELECTOR = YES;
				GCC_WARN_UNINITIALIZED_AUTOS = YES_AGGRESSIVE;
				GCC_WARN_UNUSED_FUNCTION = YES;
				GCC_WARN_UNUSED_VARIABLE = YES;
				MACOSX_DEPLOYMENT_TARGET = 12.3;
				MTL_ENABLE_DEBUG_INFO = INCLUDE_SOURCE;
				MTL_FAST_MATH = YES;
				ONLY_ACTIVE_ARCH = YES;
				SDKROOT = macosx;
				SWIFT_ACTIVE_COMPILATION_CONDITIONS = DEBUG;
				SWIFT_OPTIMIZATION_LEVEL = "-Onone";
			};
			name = Debug;
		};
		84BEB9E22857529800BFA8B0 /* Release */ = {
			isa = XCBuildConfiguration;
			buildSettings = {
				ALWAYS_SEARCH_USER_PATHS = NO;
				CLANG_ANALYZER_LOCALIZABILITY_NONLOCALIZED = YES;
				CLANG_ANALYZER_NONNULL = YES;
				CLANG_ANALYZER_NUMBER_OBJECT_CONVERSION = YES_AGGRESSIVE;
				CLANG_CXX_LANGUAGE_STANDARD = "gnu++17";
				CLANG_ENABLE_MODULES = YES;
				CLANG_ENABLE_OBJC_ARC = YES;
				CLANG_ENABLE_OBJC_WEAK = YES;
				CLANG_WARN_BLOCK_CAPTURE_AUTORELEASING = YES;
				CLANG_WARN_BOOL_CONVERSION = YES;
				CLANG_WARN_COMMA = YES;
				CLANG_WARN_CONSTANT_CONVERSION = YES;
				CLANG_WARN_DEPRECATED_OBJC_IMPLEMENTATIONS = YES;
				CLANG_WARN_DIRECT_OBJC_ISA_USAGE = YES_ERROR;
				CLANG_WARN_DOCUMENTATION_COMMENTS = YES;
				CLANG_WARN_EMPTY_BODY = YES;
				CLANG_WARN_ENUM_CONVERSION = YES;
				CLANG_WARN_INFINITE_RECURSION = YES;
				CLANG_WARN_INT_CONVERSION = YES;
				CLANG_WARN_NON_LITERAL_NULL_CONVERSION = YES;
				CLANG_WARN_OBJC_IMPLICIT_RETAIN_SELF = YES;
				CLANG_WARN_OBJC_LITERAL_CONVERSION = YES;
				CLANG_WARN_OBJC_ROOT_CLASS = YES_ERROR;
				CLANG_WARN_QUOTED_INCLUDE_IN_FRAMEWORK_HEADER = YES;
				CLANG_WARN_RANGE_LOOP_ANALYSIS = YES;
				CLANG_WARN_STRICT_PROTOTYPES = YES;
				CLANG_WARN_SUSPICIOUS_MOVE = YES;
				CLANG_WARN_UNGUARDED_AVAILABILITY = YES_AGGRESSIVE;
				CLANG_WARN_UNREACHABLE_CODE = YES;
				CLANG_WARN__DUPLICATE_METHOD_MATCH = YES;
				COPY_PHASE_STRIP = NO;
				DEBUG_INFORMATION_FORMAT = "dwarf-with-dsym";
				ENABLE_NS_ASSERTIONS = NO;
				ENABLE_STRICT_OBJC_MSGSEND = YES;
				GCC_C_LANGUAGE_STANDARD = gnu11;
				GCC_NO_COMMON_BLOCKS = YES;
				GCC_WARN_64_TO_32_BIT_CONVERSION = YES;
				GCC_WARN_ABOUT_RETURN_TYPE = YES_ERROR;
				GCC_WARN_UNDECLARED_SELECTOR = YES;
				GCC_WARN_UNINITIALIZED_AUTOS = YES_AGGRESSIVE;
				GCC_WARN_UNUSED_FUNCTION = YES;
				GCC_WARN_UNUSED_VARIABLE = YES;
				MACOSX_DEPLOYMENT_TARGET = 12.3;
				MTL_ENABLE_DEBUG_INFO = NO;
				MTL_FAST_MATH = YES;
				SDKROOT = macosx;
				SWIFT_COMPILATION_MODE = wholemodule;
				SWIFT_OPTIMIZATION_LEVEL = "-O";
			};
			name = Release;
		};
		84BEB9E42857529800BFA8B0 /* Debug */ = {
			isa = XCBuildConfiguration;
			buildSettings = {
				ASSETCATALOG_COMPILER_APPICON_NAME = AppIcon;
				ASSETCATALOG_COMPILER_GLOBAL_ACCENT_COLOR_NAME = AccentColor;
				CODE_SIGN_ENTITLEMENTS = KeyPressed/KeyPressed.entitlements;
				CODE_SIGN_STYLE = Automatic;
				COMBINE_HIDPI_IMAGES = YES;
				CURRENT_PROJECT_VERSION = 1;
				DEVELOPMENT_TEAM = 3UK33AZX9A;
				ENABLE_HARDENED_RUNTIME = YES;
				GENERATE_INFOPLIST_FILE = YES;
				INFOPLIST_FILE = KeyPressed/Info.plist;
				INFOPLIST_KEY_LSApplicationCategoryType = "public.app-category.utilities";
				INFOPLIST_KEY_NSHumanReadableCopyright = "";
				INFOPLIST_KEY_NSMainStoryboardFile = Main;
				INFOPLIST_KEY_NSPrincipalClass = NSApplication;
				LD_RUNPATH_SEARCH_PATHS = (
					"$(inherited)",
					"@executable_path/../Frameworks",
				);
				MARKETING_VERSION = 1.0;
				PRODUCT_BUNDLE_IDENTIFIER = com.cfischer.KeyPressed;
				PRODUCT_NAME = "$(TARGET_NAME)";
				SWIFT_EMIT_LOC_STRINGS = YES;
				SWIFT_VERSION = 5.0;
			};
			name = Debug;
		};
		84BEB9E52857529800BFA8B0 /* Release */ = {
			isa = XCBuildConfiguration;
			buildSettings = {
				ASSETCATALOG_COMPILER_APPICON_NAME = AppIcon;
				ASSETCATALOG_COMPILER_GLOBAL_ACCENT_COLOR_NAME = AccentColor;
				CODE_SIGN_ENTITLEMENTS = KeyPressed/KeyPressed.entitlements;
				CODE_SIGN_STYLE = Automatic;
				COMBINE_HIDPI_IMAGES = YES;
				CURRENT_PROJECT_VERSION = 1;
				DEVELOPMENT_TEAM = 3UK33AZX9A;
				ENABLE_HARDENED_RUNTIME = YES;
				GENERATE_INFOPLIST_FILE = YES;
				INFOPLIST_FILE = KeyPressed/Info.plist;
				INFOPLIST_KEY_LSApplicationCategoryType = "public.app-category.utilities";
				INFOPLIST_KEY_NSHumanReadableCopyright = "";
				INFOPLIST_KEY_NSMainStoryboardFile = Main;
				INFOPLIST_KEY_NSPrincipalClass = NSApplication;
				LD_RUNPATH_SEARCH_PATHS = (
					"$(inherited)",
					"@executable_path/../Frameworks",
				);
				MARKETING_VERSION = 1.0;
				PRODUCT_BUNDLE_IDENTIFIER = com.cfischer.KeyPressed;
				PRODUCT_NAME = "$(TARGET_NAME)";
				SWIFT_EMIT_LOC_STRINGS = YES;
				SWIFT_VERSION = 5.0;
			};
			name = Release;
		};
		84BEB9E72857529800BFA8B0 /* Debug */ = {
			isa = XCBuildConfiguration;
			buildSettings = {
				ALWAYS_EMBED_SWIFT_STANDARD_LIBRARIES = YES;
				BUNDLE_LOADER = "$(TEST_HOST)";
				CODE_SIGN_STYLE = Automatic;
				CURRENT_PROJECT_VERSION = 1;
				DEVELOPMENT_TEAM = 3UK33AZX9A;
				GENERATE_INFOPLIST_FILE = YES;
				MACOSX_DEPLOYMENT_TARGET = 12.3;
				MARKETING_VERSION = 1.0;
				PRODUCT_BUNDLE_IDENTIFIER = com.cfischer.KeyPressedTests;
				PRODUCT_NAME = "$(TARGET_NAME)";
				SWIFT_EMIT_LOC_STRINGS = NO;
				SWIFT_VERSION = 5.0;
				TEST_HOST = "$(BUILT_PRODUCTS_DIR)/Microsoft Mouse Handler.app/Contents/MacOS/Microsoft Mouse Handler";
			};
			name = Debug;
		};
		84BEB9E82857529800BFA8B0 /* Release */ = {
			isa = XCBuildConfiguration;
			buildSettings = {
				ALWAYS_EMBED_SWIFT_STANDARD_LIBRARIES = YES;
				BUNDLE_LOADER = "$(TEST_HOST)";
				CODE_SIGN_STYLE = Automatic;
				CURRENT_PROJECT_VERSION = 1;
				DEVELOPMENT_TEAM = 3UK33AZX9A;
				GENERATE_INFOPLIST_FILE = YES;
				MACOSX_DEPLOYMENT_TARGET = 12.3;
				MARKETING_VERSION = 1.0;
				PRODUCT_BUNDLE_IDENTIFIER = com.cfischer.KeyPressedTests;
				PRODUCT_NAME = "$(TARGET_NAME)";
				SWIFT_EMIT_LOC_STRINGS = NO;
				SWIFT_VERSION = 5.0;
				TEST_HOST = "$(BUILT_PRODUCTS_DIR)/Microsoft Mouse Handler.app/Contents/MacOS/Microsoft Mouse Handler";
			};
			name = Release;
		};
		84BEB9EA2857529800BFA8B0 /* Debug */ = {
			isa = XCBuildConfiguration;
			buildSettings = {
				ALWAYS_EMBED_SWIFT_STANDARD_LIBRARIES = YES;
				CODE_SIGN_STYLE = Automatic;
				CURRENT_PROJECT_VERSION = 1;
				DEVELOPMENT_TEAM = 3UK33AZX9A;
				GENERATE_INFOPLIST_FILE = YES;
				MARKETING_VERSION = 1.0;
				PRODUCT_BUNDLE_IDENTIFIER = com.cfischer.KeyPressedUITests;
				PRODUCT_NAME = "$(TARGET_NAME)";
				SWIFT_EMIT_LOC_STRINGS = NO;
				SWIFT_VERSION = 5.0;
				TEST_TARGET_NAME = KeyPressed;
			};
			name = Debug;
		};
		84BEB9EB2857529800BFA8B0 /* Release */ = {
			isa = XCBuildConfiguration;
			buildSettings = {
				ALWAYS_EMBED_SWIFT_STANDARD_LIBRARIES = YES;
				CODE_SIGN_STYLE = Automatic;
				CURRENT_PROJECT_VERSION = 1;
				DEVELOPMENT_TEAM = 3UK33AZX9A;
				GENERATE_INFOPLIST_FILE = YES;
				MARKETING_VERSION = 1.0;
				PRODUCT_BUNDLE_IDENTIFIER = com.cfischer.KeyPressedUITests;
				PRODUCT_NAME = "$(TARGET_NAME)";
				SWIFT_EMIT_LOC_STRINGS = NO;
				SWIFT_VERSION = 5.0;
				TEST_TARGET_NAME = KeyPressed;
			};
			name = Release;
		};
/* End XCBuildConfiguration section */

/* Begin XCConfigurationList section */
		84BEB9B92857529600BFA8B0 /* Build configuration list for PBXProject "Microsoft Mouse Handler" */ = {
			isa = XCConfigurationList;
			buildConfigurations = (
				84BEB9E12857529800BFA8B0 /* Debug */,
				84BEB9E22857529800BFA8B0 /* Release */,
			);
			defaultConfigurationIsVisible = 0;
			defaultConfigurationName = Release;
		};
		84BEB9E32857529800BFA8B0 /* Build configuration list for PBXNativeTarget "Microsoft Mouse Handler" */ = {
			isa = XCConfigurationList;
			buildConfigurations = (
				84BEB9E42857529800BFA8B0 /* Debug */,
				84BEB9E52857529800BFA8B0 /* Release */,
			);
			defaultConfigurationIsVisible = 0;
			defaultConfigurationName = Release;
		};
		84BEB9E62857529800BFA8B0 /* Build configuration list for PBXNativeTarget "Microsoft Mouse HandlerTests" */ = {
			isa = XCConfigurationList;
			buildConfigurations = (
				84BEB9E72857529800BFA8B0 /* Debug */,
				84BEB9E82857529800BFA8B0 /* Release */,
			);
			defaultConfigurationIsVisible = 0;
			defaultConfigurationName = Release;
		};
		84BEB9E92857529800BFA8B0 /* Build configuration list for PBXNativeTarget "Microsoft Mouse HandlerUITests" */ = {
			isa = XCConfigurationList;
			buildConfigurations = (
				84BEB9EA2857529800BFA8B0 /* Debug */,
				84BEB9EB2857529800BFA8B0 /* Release */,
			);
			defaultConfigurationIsVisible = 0;
			defaultConfigurationName = Release;
		};
/* End XCConfigurationList section */
	};
	rootObject = 84BEB9B62857529600BFA8B0 /* Project object */;
}
